// !$*UTF8*$!
{
	archiveVersion = 1;
	classes = {
	};
	objectVersion = 55;
	objects = {

/* Begin PBXBuildFile section */
		573965CB2745017600BD4FCB /* FruityApp.swift in Sources */ = {isa = PBXBuildFile; fileRef = 573965CA2745017600BD4FCB /* FruityApp.swift */; };
		573965CD2745017600BD4FCB /* ContentView.swift in Sources */ = {isa = PBXBuildFile; fileRef = 573965CC2745017600BD4FCB /* ContentView.swift */; };
		573965CF2745017700BD4FCB /* Assets.xcassets in Resources */ = {isa = PBXBuildFile; fileRef = 573965CE2745017700BD4FCB /* Assets.xcassets */; };
		573965D22745017700BD4FCB /* Preview Assets.xcassets in Resources */ = {isa = PBXBuildFile; fileRef = 573965D12745017700BD4FCB /* Preview Assets.xcassets */; };
		573965DB274509B700BD4FCB /* CardUIView.swift in Sources */ = {isa = PBXBuildFile; fileRef = 573965DA274509B700BD4FCB /* CardUIView.swift */; };
		573965DD2745793700BD4FCB /* StartButtonUIView.swift in Sources */ = {isa = PBXBuildFile; fileRef = 573965DC2745793700BD4FCB /* StartButtonUIView.swift */; };
		573965DF27457CB100BD4FCB /* OnboardingUIView.swift in Sources */ = {isa = PBXBuildFile; fileRef = 573965DE27457CB100BD4FCB /* OnboardingUIView.swift */; };
		573965E22745813800BD4FCB /* FruitModel.swift in Sources */ = {isa = PBXBuildFile; fileRef = 573965E12745813800BD4FCB /* FruitModel.swift */; };
		573965E52745821C00BD4FCB /* FruitData.swift in Sources */ = {isa = PBXBuildFile; fileRef = 573965E42745821C00BD4FCB /* FruitData.swift */; };
/* End PBXBuildFile section */

/* Begin PBXFileReference section */
		573965C72745017600BD4FCB /* Fruity.app */ = {isa = PBXFileReference; explicitFileType = wrapper.application; includeInIndex = 0; path = Fruity.app; sourceTree = BUILT_PRODUCTS_DIR; };
		573965CA2745017600BD4FCB /* FruityApp.swift */ = {isa = PBXFileReference; lastKnownFileType = sourcecode.swift; path = FruityApp.swift; sourceTree = "<group>"; };
		573965CC2745017600BD4FCB /* ContentView.swift */ = {isa = PBXFileReference; lastKnownFileType = sourcecode.swift; path = ContentView.swift; sourceTree = "<group>"; };
		573965CE2745017700BD4FCB /* Assets.xcassets */ = {isa = PBXFileReference; lastKnownFileType = folder.assetcatalog; path = Assets.xcassets; sourceTree = "<group>"; };
		573965D12745017700BD4FCB /* Preview Assets.xcassets */ = {isa = PBXFileReference; lastKnownFileType = folder.assetcatalog; path = "Preview Assets.xcassets"; sourceTree = "<group>"; };
		573965DA274509B700BD4FCB /* CardUIView.swift */ = {isa = PBXFileReference; lastKnownFileType = sourcecode.swift; path = CardUIView.swift; sourceTree = "<group>"; };
		573965DC2745793700BD4FCB /* StartButtonUIView.swift */ = {isa = PBXFileReference; lastKnownFileType = sourcecode.swift; path = StartButtonUIView.swift; sourceTree = "<group>"; };
		573965DE27457CB100BD4FCB /* OnboardingUIView.swift */ = {isa = PBXFileReference; lastKnownFileType = sourcecode.swift; path = OnboardingUIView.swift; sourceTree = "<group>"; };
		573965E12745813800BD4FCB /* FruitModel.swift */ = {isa = PBXFileReference; lastKnownFileType = sourcecode.swift; path = FruitModel.swift; sourceTree = "<group>"; };
		573965E42745821C00BD4FCB /* FruitData.swift */ = {isa = PBXFileReference; lastKnownFileType = sourcecode.swift; path = FruitData.swift; sourceTree = "<group>"; };
/* End PBXFileReference section */

/* Begin PBXFrameworksBuildPhase section */
		573965C42745017600BD4FCB /* Frameworks */ = {
			isa = PBXFrameworksBuildPhase;
			buildActionMask = 2147483647;
			files = (
			);
			runOnlyForDeploymentPostprocessing = 0;
		};
/* End PBXFrameworksBuildPhase section */

/* Begin PBXGroup section */
		573965BE2745017600BD4FCB = {
			isa = PBXGroup;
			children = (
				573965C92745017600BD4FCB /* Fruity */,
				573965C82745017600BD4FCB /* Products */,
			);
			sourceTree = "<group>";
		};
		573965C82745017600BD4FCB /* Products */ = {
			isa = PBXGroup;
			children = (
				573965C72745017600BD4FCB /* Fruity.app */,
			);
			name = Products;
			sourceTree = "<group>";
		};
		573965C92745017600BD4FCB /* Fruity */ = {
			isa = PBXGroup;
			children = (
				573965E32745820900BD4FCB /* Data */,
				573965E02745810A00BD4FCB /* Models */,
				573965D92745098000BD4FCB /* View */,
				573965D82745095000BD4FCB /* App */,
				573965CE2745017700BD4FCB /* Assets.xcassets */,
				573965D02745017700BD4FCB /* Preview Content */,
			);
			path = Fruity;
			sourceTree = "<group>";
		};
		573965D02745017700BD4FCB /* Preview Content */ = {
			isa = PBXGroup;
			children = (
				573965D12745017700BD4FCB /* Preview Assets.xcassets */,
			);
			path = "Preview Content";
			sourceTree = "<group>";
		};
		573965D82745095000BD4FCB /* App */ = {
			isa = PBXGroup;
			children = (
				573965CA2745017600BD4FCB /* FruityApp.swift */,
				573965CC2745017600BD4FCB /* ContentView.swift */,
				573965DE27457CB100BD4FCB /* OnboardingUIView.swift */,
			);
			path = App;
			sourceTree = "<group>";
		};
		573965D92745098000BD4FCB /* View */ = {
			isa = PBXGroup;
			children = (
				573965DA274509B700BD4FCB /* CardUIView.swift */,
				573965DC2745793700BD4FCB /* StartButtonUIView.swift */,
			);
			path = View;
			sourceTree = "<group>";
		};
		573965E02745810A00BD4FCB /* Models */ = {
			isa = PBXGroup;
			children = (
				573965E12745813800BD4FCB /* FruitModel.swift */,
			);
			path = Models;
			sourceTree = "<group>";
		};
		573965E32745820900BD4FCB /* Data */ = {
			isa = PBXGroup;
			children = (
				573965E42745821C00BD4FCB /* FruitData.swift */,
			);
			path = Data;
			sourceTree = "<group>";
		};
/* End PBXGroup section */

/* Begin PBXNativeTarget section */
		573965C62745017600BD4FCB /* Fruity */ = {
			isa = PBXNativeTarget;
			buildConfigurationList = 573965D52745017700BD4FCB /* Build configuration list for PBXNativeTarget "Fruity" */;
			buildPhases = (
				573965C32745017600BD4FCB /* Sources */,
				573965C42745017600BD4FCB /* Frameworks */,
				573965C52745017600BD4FCB /* Resources */,
			);
			buildRules = (
			);
			dependencies = (
			);
			name = Fruity;
			productName = Fruity;
			productReference = 573965C72745017600BD4FCB /* Fruity.app */;
			productType = "com.apple.product-type.application";
		};
/* End PBXNativeTarget section */

/* Begin PBXProject section */
		573965BF2745017600BD4FCB /* Project object */ = {
			isa = PBXProject;
			attributes = {
				BuildIndependentTargetsInParallel = 1;
				LastSwiftUpdateCheck = 1310;
				LastUpgradeCheck = 1310;
				TargetAttributes = {
					573965C62745017600BD4FCB = {
						CreatedOnToolsVersion = 13.1;
					};
				};
			};
			buildConfigurationList = 573965C22745017600BD4FCB /* Build configuration list for PBXProject "Fruity" */;
			compatibilityVersion = "Xcode 13.0";
			developmentRegion = en;
			hasScannedForEncodings = 0;
			knownRegions = (
				en,
				Base,
			);
			mainGroup = 573965BE2745017600BD4FCB;
			productRefGroup = 573965C82745017600BD4FCB /* Products */;
			projectDirPath = "";
			projectRoot = "";
			targets = (
				573965C62745017600BD4FCB /* Fruity */,
			);
		};
/* End PBXProject section */

/* Begin PBXResourcesBuildPhase section */
		573965C52745017600BD4FCB /* Resources */ = {
			isa = PBXResourcesBuildPhase;
			buildActionMask = 2147483647;
			files = (
				573965D22745017700BD4FCB /* Preview Assets.xcassets in Resources */,
				573965CF2745017700BD4FCB /* Assets.xcassets in Resources */,
			);
			runOnlyForDeploymentPostprocessing = 0;
		};
/* End PBXResourcesBuildPhase section */

/* Begin PBXSourcesBuildPhase section */
		573965C32745017600BD4FCB /* Sources */ = {
			isa = PBXSourcesBuildPhase;
			buildActionMask = 2147483647;
			files = (
				573965E52745821C00BD4FCB /* FruitData.swift in Sources */,
				573965CD2745017600BD4FCB /* ContentView.swift in Sources */,
				573965DD2745793700BD4FCB /* StartButtonUIView.swift in Sources */,
				573965CB2745017600BD4FCB /* FruityApp.swift in Sources */,
				573965DF27457CB100BD4FCB /* OnboardingUIView.swift in Sources */,
				573965E22745813800BD4FCB /* FruitModel.swift in Sources */,
				573965DB274509B700BD4FCB /* CardUIView.swift in Sources */,
			);
			runOnlyForDeploymentPostprocessing = 0;
		};
/* End PBXSourcesBuildPhase section */

/* Begin XCBuildConfiguration section */
		573965D32745017700BD4FCB /* Debug */ = {
			isa = XCBuildConfiguration;
			buildSettings = {
				ALWAYS_SEARCH_USER_PATHS = NO;
				CLANG_ANALYZER_NONNULL = YES;
				CLANG_ANALYZER_NUMBER_OBJECT_CONVERSION = YES_AGGRESSIVE;
				CLANG_CXX_LANGUAGE_STANDARD = "gnu++17";
				CLANG_CXX_LIBRARY = "libc++";
				CLANG_ENABLE_MODULES = YES;
				CLANG_ENABLE_OBJC_ARC = YES;
				CLANG_ENABLE_OBJC_WEAK = YES;
				CLANG_WARN_BLOCK_CAPTURE_AUTORELEASING = YES;
				CLANG_WARN_BOOL_CONVERSION = YES;
				CLANG_WARN_COMMA = YES;
				CLANG_WARN_CONSTANT_CONVERSION = YES;
				CLANG_WARN_DEPRECATED_OBJC_IMPLEMENTATIONS = YES;
				CLANG_WARN_DIRECT_OBJC_ISA_USAGE = YES_ERROR;
				CLANG_WARN_DOCUMENTATION_COMMENTS = YES;
				CLANG_WARN_EMPTY_BODY = YES;
				CLANG_WARN_ENUM_CONVERSION = YES;
				CLANG_WARN_INFINITE_RECURSION = YES;
				CLANG_WARN_INT_CONVERSION = YES;
				CLANG_WARN_NON_LITERAL_NULL_CONVERSION = YES;
				CLANG_WARN_OBJC_IMPLICIT_RETAIN_SELF = YES;
				CLANG_WARN_OBJC_LITERAL_CONVERSION = YES;
				CLANG_WARN_OBJC_ROOT_CLASS = YES_ERROR;
				CLANG_WARN_QUOTED_INCLUDE_IN_FRAMEWORK_HEADER = YES;
				CLANG_WARN_RANGE_LOOP_ANALYSIS = YES;
				CLANG_WARN_STRICT_PROTOTYPES = YES;
				CLANG_WARN_SUSPICIOUS_MOVE = YES;
				CLANG_WARN_UNGUARDED_AVAILABILITY = YES_AGGRESSIVE;
				CLANG_WARN_UNREACHABLE_CODE = YES;
				CLANG_WARN__DUPLICATE_METHOD_MATCH = YES;
				COPY_PHASE_STRIP = NO;
				DEBUG_INFORMATION_FORMAT = dwarf;
				ENABLE_STRICT_OBJC_MSGSEND = YES;
				ENABLE_TESTABILITY = YES;
				GCC_C_LANGUAGE_STANDARD = gnu11;
				GCC_DYNAMIC_NO_PIC = NO;
				GCC_NO_COMMON_BLOCKS = YES;
				GCC_OPTIMIZATION_LEVEL = 0;
				GCC_PREPROCESSOR_DEFINITIONS = (
					"DEBUG=1",
					"$(inherited)",
				);
				GCC_WARN_64_TO_32_BIT_CONVERSION = YES;
				GCC_WARN_ABOUT_RETURN_TYPE = YES_ERROR;
				GCC_WARN_UNDECLARED_SELECTOR = YES;
				GCC_WARN_UNINITIALIZED_AUTOS = YES_AGGRESSIVE;
				GCC_WARN_UNUSED_FUNCTION = YES;
				GCC_WARN_UNUSED_VARIABLE = YES;
				IPHONEOS_DEPLOYMENT_TARGET = 15.0;
				MTL_ENABLE_DEBUG_INFO = INCLUDE_SOURCE;
				MTL_FAST_MATH = YES;
				ONLY_ACTIVE_ARCH = YES;
				SDKROOT = iphoneos;
				SWIFT_ACTIVE_COMPILATION_CONDITIONS = DEBUG;
				SWIFT_OPTIMIZATION_LEVEL = "-Onone";
			};
			name = Debug;
		};
		573965D42745017700BD4FCB /* Release */ = {
			isa = XCBuildConfiguration;
			buildSettings = {
				ALWAYS_SEARCH_USER_PATHS = NO;
				CLANG_ANALYZER_NONNULL = YES;
				CLANG_ANALYZER_NUMBER_OBJECT_CONVERSION = YES_AGGRESSIVE;
				CLANG_CXX_LANGUAGE_STANDARD = "gnu++17";
				CLANG_CXX_LIBRARY = "libc++";
				CLANG_ENABLE_MODULES = YES;
				CLANG_ENABLE_OBJC_ARC = YES;
				CLANG_ENABLE_OBJC_WEAK = YES;
				CLANG_WARN_BLOCK_CAPTURE_AUTORELEASING = YES;
				CLANG_WARN_BOOL_CONVERSION = YES;
				CLANG_WARN_COMMA = YES;
				CLANG_WARN_CONSTANT_CONVERSION = YES;
				CLANG_WARN_DEPRECATED_OBJC_IMPLEMENTATIONS = YES;
				CLANG_WARN_DIRECT_OBJC_ISA_USAGE = YES_ERROR;
				CLANG_WARN_DOCUMENTATION_COMMENTS = YES;
				CLANG_WARN_EMPTY_BODY = YES;
				CLANG_WARN_ENUM_CONVERSION = YES;
				CLANG_WARN_INFINITE_RECURSION = YES;
				CLANG_WARN_INT_CONVERSION = YES;
				CLANG_WARN_NON_LITERAL_NULL_CONVERSION = YES;
				CLANG_WARN_OBJC_IMPLICIT_RETAIN_SELF = YES;
				CLANG_WARN_OBJC_LITERAL_CONVERSION = YES;
				CLANG_WARN_OBJC_ROOT_CLASS = YES_ERROR;
				CLANG_WARN_QUOTED_INCLUDE_IN_FRAMEWORK_HEADER = YES;
				CLANG_WARN_RANGE_LOOP_ANALYSIS = YES;
				CLANG_WARN_STRICT_PROTOTYPES = YES;
				CLANG_WARN_SUSPICIOUS_MOVE = YES;
				CLANG_WARN_UNGUARDED_AVAILABILITY = YES_AGGRESSIVE;
				CLANG_WARN_UNREACHABLE_CODE = YES;
				CLANG_WARN__DUPLICATE_METHOD_MATCH = YES;
				COPY_PHASE_STRIP = NO;
				DEBUG_INFORMATION_FORMAT = "dwarf-with-dsym";
				ENABLE_NS_ASSERTIONS = NO;
				ENABLE_STRICT_OBJC_MSGSEND = YES;
				GCC_C_LANGUAGE_STANDARD = gnu11;
				GCC_NO_COMMON_BLOCKS = YES;
				GCC_WARN_64_TO_32_BIT_CONVERSION = YES;
				GCC_WARN_ABOUT_RETURN_TYPE = YES_ERROR;
				GCC_WARN_UNDECLARED_SELECTOR = YES;
				GCC_WARN_UNINITIALIZED_AUTOS = YES_AGGRESSIVE;
				GCC_WARN_UNUSED_FUNCTION = YES;
				GCC_WARN_UNUSED_VARIABLE = YES;
				IPHONEOS_DEPLOYMENT_TARGET = 15.0;
				MTL_ENABLE_DEBUG_INFO = NO;
				MTL_FAST_MATH = YES;
				SDKROOT = iphoneos;
				SWIFT_COMPILATION_MODE = wholemodule;
				SWIFT_OPTIMIZATION_LEVEL = "-O";
				VALIDATE_PRODUCT = YES;
			};
			name = Release;
		};
		573965D62745017700BD4FCB /* Debug */ = {
			isa = XCBuildConfiguration;
			buildSettings = {
				ASSETCATALOG_COMPILER_APPICON_NAME = AppIcon;
				ASSETCATALOG_COMPILER_GLOBAL_ACCENT_COLOR_NAME = AccentColor;
				CODE_SIGN_STYLE = Automatic;
				CURRENT_PROJECT_VERSION = 1;
				DEVELOPMENT_ASSET_PATHS = "\"Fruity/Preview Content\"";
				DEVELOPMENT_TEAM = A4U9B3JR4D;
				ENABLE_PREVIEWS = YES;
				GENERATE_INFOPLIST_FILE = YES;
				INFOPLIST_KEY_UIApplicationSceneManifest_Generation = YES;
				INFOPLIST_KEY_UIApplicationSupportsIndirectInputEvents = YES;
				INFOPLIST_KEY_UILaunchScreen_Generation = YES;
				INFOPLIST_KEY_UISupportedInterfaceOrientations = UIInterfaceOrientationPortrait;
				INFOPLIST_KEY_UISupportedInterfaceOrientations_iPad = "UIInterfaceOrientationPortrait UIInterfaceOrientationPortraitUpsideDown UIInterfaceOrientationLandscapeLeft UIInterfaceOrientationLandscapeRight";
				INFOPLIST_KEY_UISupportedInterfaceOrientations_iPhone = "UIInterfaceOrientationPortrait UIInterfaceOrientationLandscapeLeft UIInterfaceOrientationLandscapeRight";
				LD_RUNPATH_SEARCH_PATHS = (
					"$(inherited)",
					"@executable_path/Frameworks",
				);
				MARKETING_VERSION = 1.0;
				PRODUCT_BUNDLE_IDENTIFIER = jogra.Fruity;
				PRODUCT_NAME = "$(TARGET_NAME)";
				SWIFT_EMIT_LOC_STRINGS = YES;
				SWIFT_VERSION = 5.0;
				TARGETED_DEVICE_FAMILY = "1,2";
			};
			name = Debug;
		};
		573965D72745017700BD4FCB /* Release */ = {
			isa = XCBuildConfiguration;
			buildSettings = {
				ASSETCATALOG_COMPILER_APPICON_NAME = AppIcon;
				ASSETCATALOG_COMPILER_GLOBAL_ACCENT_COLOR_NAME = AccentColor;
				CODE_SIGN_STYLE = Automatic;
				CURRENT_PROJECT_VERSION = 1;
				DEVELOPMENT_ASSET_PATHS = "\"Fruity/Preview Content\"";
				DEVELOPMENT_TEAM = A4U9B3JR4D;
				ENABLE_PREVIEWS = YES;
				GENERATE_INFOPLIST_FILE = YES;
				INFOPLIST_KEY_UIApplicationSceneManifest_Generation = YES;
				INFOPLIST_KEY_UIApplicationSupportsIndirectInputEvents = YES;
				INFOPLIST_KEY_UILaunchScreen_Generation = YES;
				INFOPLIST_KEY_UISupportedInterfaceOrientations = UIInterfaceOrientationPortrait;
				INFOPLIST_KEY_UISupportedInterfaceOrientations_iPad = "UIInterfaceOrientationPortrait UIInterfaceOrientationPortraitUpsideDown UIInterfaceOrientationLandscapeLeft UIInterfaceOrientationLandscapeRight";
				INFOPLIST_KEY_UISupportedInterfaceOrientations_iPhone = "UIInterfaceOrientationPortrait UIInterfaceOrientationLandscapeLeft UIInterfaceOrientationLandscapeRight";
				LD_RUNPATH_SEARCH_PATHS = (
					"$(inherited)",
					"@executable_path/Frameworks",
				);
				MARKETING_VERSION = 1.0;
				PRODUCT_BUNDLE_IDENTIFIER = jogra.Fruity;
				PRODUCT_NAME = "$(TARGET_NAME)";
				SWIFT_EMIT_LOC_STRINGS = YES;
				SWIFT_VERSION = 5.0;
				TARGETED_DEVICE_FAMILY = "1,2";
			};
			name = Release;
		};
/* End XCBuildConfiguration section */

/* Begin XCConfigurationList section */
		573965C22745017600BD4FCB /* Build configuration list for PBXProject "Fruity" */ = {
			isa = XCConfigurationList;
			buildConfigurations = (
				573965D32745017700BD4FCB /* Debug */,
				573965D42745017700BD4FCB /* Release */,
			);
			defaultConfigurationIsVisible = 0;
			defaultConfigurationName = Release;
		};
		573965D52745017700BD4FCB /* Build configuration list for PBXNativeTarget "Fruity" */ = {
			isa = XCConfigurationList;
			buildConfigurations = (
				573965D62745017700BD4FCB /* Debug */,
				573965D72745017700BD4FCB /* Release */,
			);
			defaultConfigurationIsVisible = 0;
			defaultConfigurationName = Release;
		};
/* End XCConfigurationList section */
	};
	rootObject = 573965BF2745017600BD4FCB /* Project object */;
}
